
Microsoft Visual Studio Solution File, Format Version 12.00
# Visual Studio Version 17
VisualStudioVersion = 17.5.33516.290
MinimumVisualStudioVersion = 10.0.40219.1
Project("{FAE04EC0-301F-11D3-BF4B-00C04F79EFBC}") = "Tapsiriq", "Tapsiriq\Tapsiriq.csproj", "{7648D2E8-700F-4CF4-A6BD-A535050DBDF1}"
EndProject
Global
	GlobalSection(SolutionConfigurationPlatforms) = preSolution
		Debug|Any CPU = Debug|Any CPU
		Release|Any CPU = Release|Any CPU
	EndGlobalSection
	GlobalSection(ProjectConfigurationPlatforms) = postSolution
		{7648D2E8-700F-4CF4-A6BD-A535050DBDF1}.Debug|Any CPU.ActiveCfg = Debug|Any CPU
		{7648D2E8-700F-4CF4-A6BD-A535050DBDF1}.Debug|Any CPU.Build.0 = Debug|Any CPU
		{7648D2E8-700F-4CF4-A6BD-A535050DBDF1}.Release|Any CPU.ActiveCfg = Release|Any CPU
		{7648D2E8-700F-4CF4-A6BD-A535050DBDF1}.Release|Any CPU.Build.0 = Release|Any CPU
	EndGlobalSection
	GlobalSection(SolutionProperties) = preSolution
		HideSolutionNode = FALSE
	EndGlobalSection
	GlobalSection(ExtensibilityGlobals) = postSolution
		SolutionGuid = {6EB66B5A-114C-40C4-87F8-76953D5F0326}
	EndGlobalSection
EndGlobal
